
Microsoft Visual Studio Solution File, Format Version 12.00
# Visual Studio 15
VisualStudioVersion = 15.0.27703.2042
MinimumVisualStudioVersion = 10.0.40219.1
Project("{FAE04EC0-301F-11D3-BF4B-00C04F79EFBC}") = "AngularSandbox", "AngularSandbox\AngularSandbox.csproj", "{67095260-A2EE-48C0-8E77-76B0C454D221}"
EndProject
Global
	GlobalSection(SolutionConfigurationPlatforms) = preSolution
		Debug|Any CPU = Debug|Any CPU
		Release|Any CPU = Release|Any CPU
	EndGlobalSection
	GlobalSection(ProjectConfigurationPlatforms) = postSolution
		{67095260-A2EE-48C0-8E77-76B0C454D221}.Debug|Any CPU.ActiveCfg = Debug|Any CPU
		{67095260-A2EE-48C0-8E77-76B0C454D221}.Debug|Any CPU.Build.0 = Debug|Any CPU
		{67095260-A2EE-48C0-8E77-76B0C454D221}.Release|Any CPU.ActiveCfg = Release|Any CPU
		{67095260-A2EE-48C0-8E77-76B0C454D221}.Release|Any CPU.Build.0 = Release|Any CPU
	EndGlobalSection
	GlobalSection(SolutionProperties) = preSolution
		HideSolutionNode = FALSE
	EndGlobalSection
	GlobalSection(ExtensibilityGlobals) = postSolution
		SolutionGuid = {45B7BCD8-D615-47AA-859A-2158A5E87B96}
	EndGlobalSection
EndGlobal
